
Microsoft Visual Studio Solution File, Format Version 12.00
# Visual Studio Version 17
VisualStudioVersion = 17.14.36915.13
MinimumVisualStudioVersion = 10.0.40219.1
Project("{FAE04EC0-301F-11D3-BF4B-00C04F79EFBC}") = "EmployeeService.Api", "EmployeeService.Api.csproj", "{2FC1C71F-DE3A-4FE3-9CF0-9E96018772CC}"
EndProject
Project("{FAE04EC0-301F-11D3-BF4B-00C04F79EFBC}") = "EmployeeService.Tests", "..\EmployeeService.Tests\EmployeeService.Tests.csproj", "{4AF115D3-A2B7-42C8-A319-FA7DCF3CB907}"
EndProject
Global
	GlobalSection(SolutionConfigurationPlatforms) = preSolution
		Debug|Any CPU = Debug|Any CPU
		Release|Any CPU = Release|Any CPU
	EndGlobalSection
	GlobalSection(ProjectConfigurationPlatforms) = postSolution
		{2FC1C71F-DE3A-4FE3-9CF0-9E96018772CC}.Debug|Any CPU.ActiveCfg = Debug|Any CPU
		{2FC1C71F-DE3A-4FE3-9CF0-9E96018772CC}.Debug|Any CPU.Build.0 = Debug|Any CPU
		{2FC1C71F-DE3A-4FE3-9CF0-9E96018772CC}.Release|Any CPU.ActiveCfg = Release|Any CPU
		{2FC1C71F-DE3A-4FE3-9CF0-9E96018772CC}.Release|Any CPU.Build.0 = Release|Any CPU
		{4AF115D3-A2B7-42C8-A319-FA7DCF3CB907}.Debug|Any CPU.ActiveCfg = Debug|Any CPU
		{4AF115D3-A2B7-42C8-A319-FA7DCF3CB907}.Debug|Any CPU.Build.0 = Debug|Any CPU
		{4AF115D3-A2B7-42C8-A319-FA7DCF3CB907}.Release|Any CPU.ActiveCfg = Release|Any CPU
		{4AF115D3-A2B7-42C8-A319-FA7DCF3CB907}.Release|Any CPU.Build.0 = Release|Any CPU
	EndGlobalSection
	GlobalSection(SolutionProperties) = preSolution
		HideSolutionNode = FALSE
	EndGlobalSection
	GlobalSection(ExtensibilityGlobals) = postSolution
		SolutionGuid = {2F2740EA-ED2B-49D9-9142-456F8E46D4A7}
	EndGlobalSection
EndGlobal
